
Microsoft Visual Studio Solution File, Format Version 12.00
# Visual Studio 14
VisualStudioVersion = 14.0.23107.0
MinimumVisualStudioVersion = 10.0.40219.1
Project("{FAE04EC0-301F-11D3-BF4B-00C04F79EFBC}") = "Week10Day2.Web", "Week10Day2.Web\Week10Day2.Web.csproj", "{C697985D-5702-4958-926E-5D0AC3843492}"
EndProject
Global
	GlobalSection(SolutionConfigurationPlatforms) = preSolution
		Debug|Any CPU = Debug|Any CPU
		Release|Any CPU = Release|Any CPU
	EndGlobalSection
	GlobalSection(ProjectConfigurationPlatforms) = postSolution
		{C697985D-5702-4958-926E-5D0AC3843492}.Debug|Any CPU.ActiveCfg = Debug|Any CPU
		{C697985D-5702-4958-926E-5D0AC3843492}.Debug|Any CPU.Build.0 = Debug|Any CPU
		{C697985D-5702-4958-926E-5D0AC3843492}.Release|Any CPU.ActiveCfg = Release|Any CPU
		{C697985D-5702-4958-926E-5D0AC3843492}.Release|Any CPU.Build.0 = Release|Any CPU
	EndGlobalSection
	GlobalSection(SolutionProperties) = preSolution
		HideSolutionNode = FALSE
	EndGlobalSection
EndGlobal
